[{"relativePath":"/material-ui/Tabs/InkBar.js","changeID":"d502fb89-3929-4a28-b5a4-acc5290c5198"},{"relativePath":"/material-ui/Tabs/Tab.js","changeID":"d2dfa331-e248-43e4-8ac3-892a4a72778c"},{"relativePath":"/material-ui/Tabs/Tabs.js","changeID":"a0a153c6-d885-4495-a697-541fb90c0385"},{"relativePath":"/pump/.npmignore","changeID":"b1845f26-b23d-4503-bba4-a0456db4ea51"},{"relativePath":"/pump/index.js","changeID":"ab808054-e229-47f2-a8fb-61a50897ceb8"}]
