[
  {
    "relativePath": "/docker-browser-console/browser.js",
    "changeID": "0a0869ab-9731-485c-a180-f4dc000b1bb7"
  },
  {
    "relativePath": "/docker-browser-console/index.js",
    "changeID": "ae25b280-cd5a-4750-b89a-b5a3603bca1a"
  },
  {
    "relativePath": "/term.js/lib/index.js",
    "changeID": "a60b01e1-23c8-48b0-86c9-7e80e91d2c23"
  },
  {
    "relativePath": "/term.js/src/term.js",
    "changeID": "d4b4b27d-7d32-4ce5-8cd2-40230ec004c5"
  },
  {
    "relativePath": "/pump/.npmignore",
    "changeID": "b1845f26-b23d-4503-bba4-a0456db4ea51"
  },
  {
    "relativePath": "/pump/index.js",
    "changeID": "ab808054-e229-47f2-a8fb-61a50897ceb8"
  }
]
